lockfileVersion: '9.0'

settings:
  autoInstallPeers: true
  excludeLinksFromLockfile: false

importers:

  .:
    dependencies:
      react-dom:
        specifier: '>=16.9.0'
        version: 19.0.0(react@19.0.0)
    devDependencies:
      '@rsbuild/plugin-react':
        specifier: ^1.1.1
        version: 1.1.1(@rsbuild/core@1.2.19)
      '@rslib/core':
        specifier: ^0.5.5
        version: 0.5.5(typescript@5.8.2)
      '@types/react':
        specifier: ^19.0.12
        version: 19.0.12
      react:
        specifier: ^19.0.0
        version: 19.0.0
      typescript:
        specifier: ^5.8.2
        version: 5.8.2

packages:

  '@ast-grep/napi-darwin-arm64@0.36.2':
    resolution: {integrity: sha512-0dzW+5SRuUxAlfwgMiUWXSvvyVD3nffzLtH5RhH2a1VXbQxi2UFWZqtfhv6e27iIUTnPfZDnZGNRw8FZgttMfQ==}
    engines: {node: '>= 10'}
    cpu: [arm64]
    os: [darwin]

  '@ast-grep/napi-darwin-x64@0.36.2':
    resolution: {integrity: sha512-7TPdnq55OBXGcJLDARObI5BUFbp0AVRMGEzjnIBMWbRSowlDVTH7qBWwNAYk4auCdkwG8EBL40BUIHmagzpoCw==}
    engines: {node: '>= 10'}
    cpu: [x64]
    os: [darwin]

  '@ast-grep/napi-linux-arm64-gnu@0.36.2':
    resolution: {integrity: sha512-/h51eEnEYCq4bclzhynH+964LQXDKXgNb2Un+Y9TLOU8VRaGNawTkZkFq+iBp8T1hl0CznnsQQsg+9pHDHprHQ==}
    engines: {node: '>= 10'}
    cpu: [arm64]
    os: [linux]
    libc: [glibc]

  '@ast-grep/napi-linux-arm64-musl@0.36.2':
    resolution: {integrity: sha512-RIuk0VaQW2b5uOPJzuYFQBwMZIEVnp6maXPjnatUHxfniirSI172E7LtOU/FIEpCjU9Fpq23A79S43ImFt1KLA==}
    engines: {node: '>= 10'}
    cpu: [arm64]
    os: [linux]
    libc: [musl]

  '@ast-grep/napi-linux-x64-gnu@0.36.2':
    resolution: {integrity: sha512-Xmb50HPfRNi+iLtHp+8/dqiTd8tjArYxOdj1tZzjRndpKhFpQDVrcOnPFObDCRgxVeLovdql9A1ad6BMcEL01Q==}
    engines: {node: '>= 10'}
    cpu: [x64]
    os: [linux]
    libc: [glibc]

  '@ast-grep/napi-linux-x64-musl@0.36.2':
    resolution: {integrity: sha512-RSnqCsl3OBfJWh2rETtv3o7xd4QnbB2YTh6H6oYfFhhX0tlon/V+bUXI77hU2/W73hj9GHqWZsygsF43NXn/Hw==}
    engines: {node: '>= 10'}
    cpu: [x64]
    os: [linux]
    libc: [musl]

  '@ast-grep/napi-win32-arm64-msvc@0.36.2':
    resolution: {integrity: sha512-/Q85h8F9K2G8qig0lndZWb+ykCfhfpSN27F3i7Aw5C0Ph7S6vFH76xn3l3dJTZb2CwUSsv4JNoqmFmY4B8DExQ==}
    engines: {node: '>= 10'}
    cpu: [arm64]
    os: [win32]

  '@ast-grep/napi-win32-ia32-msvc@0.36.2':
    resolution: {integrity: sha512-bDdwErB7zf9DvRx3kNZyMKJb9by5ra24WAXSiVzI8MR387ibZP9UCTzKuGqPrbuZADYWiOgsg3nXMklyPFtmhQ==}
    engines: {node: '>= 10'}
    cpu: [ia32]
    os: [win32]

  '@ast-grep/napi-win32-x64-msvc@0.36.2':
    resolution: {integrity: sha512-LVZ2DqP9fRfyUceE0BGnlKoPmSx3dYYApSEUdt82Pn7jEVWpFFyTLFmZ9ILiCSaVc6urMJpKWdxAHFqDNNlGfg==}
    engines: {node: '>= 10'}
    cpu: [x64]
    os: [win32]

  '@ast-grep/napi@0.36.2':
    resolution: {integrity: sha512-ByenQQ0BtqqY0pvlmipvkDv/cKl/9vVjBydS7hloXOdmXPoUF0pHdlilC7ZfrRW97EzPQQZT2jgHl2tu7zg9QA==}
    engines: {node: '>= 10'}

  '@jridgewell/sourcemap-codec@1.5.0':
    resolution: {integrity: sha512-gv3ZRaISU3fjPAgNsriBRqGWQL6quFx04YMPW/zD8XMLsU32mhCCbfbO6KZFLjvYpCZ8zyDEgqsgf+PwPaM7GQ==}

  '@module-federation/error-codes@0.8.4':
    resolution: {integrity: sha512-55LYmrDdKb4jt+qr8qE8U3al62ZANp3FhfVaNPOaAmdTh0jHdD8M3yf5HKFlr5xVkVO4eV/F/J2NCfpbh+pEXQ==}

  '@module-federation/runtime-tools@0.8.4':
    resolution: {integrity: sha512-fjVOsItJ1u5YY6E9FnS56UDwZgqEQUrWFnouRiPtK123LUuqUI9FH4redZoKWlE1PB0ir1Z3tnqy8eFYzPO38Q==}

  '@module-federation/runtime@0.8.4':
    resolution: {integrity: sha512-yZeZ7z2Rx4gv/0E97oLTF3V6N25vglmwXGgoeju/W2YjsFvWzVtCDI7zRRb0mJhU6+jmSM8jP1DeQGbea/AiZQ==}

  '@module-federation/sdk@0.8.4':
    resolution: {integrity: sha512-waABomIjg/5m1rPDBWYG4KUhS5r7OUUY7S+avpaVIY/tkPWB3ibRDKy2dNLLAMaLKq0u+B1qIdEp4NIWkqhqpg==}

  '@module-federation/webpack-bundler-runtime@0.8.4':
    resolution: {integrity: sha512-HggROJhvHPUX7uqBD/XlajGygMNM1DG0+4OAkk8MBQe4a18QzrRNzZt6XQbRTSG4OaEoyRWhQHvYD3Yps405tQ==}

  '@rsbuild/core@1.2.19':
    resolution: {integrity: sha512-k76is4HygmbYYMLG2V1d1yQeurHHC+ZEtGs/nwE11y6HmwSndoFhmjOeQbQ2Ul0b2B8HErksqSMtlCxd37YPPQ==}
    engines: {node: '>=16.7.0'}
    hasBin: true

  '@rsbuild/plugin-react@1.1.1':
    resolution: {integrity: sha512-gkATKrOQauXMMtrYA5jbTQkhmYTE0VXoknPLtVpiXtwDbBUwgX23LFf1XJ51YOwqYpP7g5SfPEMgD2FENtCq0A==}
    peerDependencies:
      '@rsbuild/core': 1.x

  '@rslib/core@0.5.5':
    resolution: {integrity: sha512-RpjixdO8a4G99+jZ5P4W35fZyhHasBa13lvErUPXT0fz1QBfLiR/HS+QikjIFiyS538oAaZ8/8BLf88vHERQ0w==}
    engines: {node: '>=16.7.0'}
    hasBin: true
    peerDependencies:
      '@microsoft/api-extractor': ^7
      typescript: ^5
    peerDependenciesMeta:
      '@microsoft/api-extractor':
        optional: true
      typescript:
        optional: true

  '@rspack/binding-darwin-arm64@1.2.8':
    resolution: {integrity: sha512-bDlrlroY3iMlzna/3i1gD6eRmhJW2zRyC3Ov6aR1micshVQ9RteigYZWkjZuQfyC5Z8dCcLUQJVojz+pqp0JXg==}
    cpu: [arm64]
    os: [darwin]

  '@rspack/binding-darwin-x64@1.2.8':
    resolution: {integrity: sha512-0/qOVbMuzZ+WbtDa4TbH46R4vph/W6MHcXbrXDO+vpdTMFDVJ64DnZXT7aqvGcY+7vTCIGm0GT+6ooR4KaIX8A==}
    cpu: [x64]
    os: [darwin]

  '@rspack/binding-linux-arm64-gnu@1.2.8':
    resolution: {integrity: sha512-En/SMl45s19iUVb1/ZDFQvFDxIjnlfk7yqV3drMWWAL5HSgksNejaTIFTO52aoohIBbmwuk5wSGcbU0G0IFiPg==}
    cpu: [arm64]
    os: [linux]
    libc: [glibc]

  '@rspack/binding-linux-arm64-musl@1.2.8':
    resolution: {integrity: sha512-N1oZsXfJ9VLLcK7p1PS65cxLYQCZ7iqHW2OP6Ew2+hlz/d1hzngxgzrtZMCXFOHXDvTzVu5ff6jGS2v7+zv2tA==}
    cpu: [arm64]
    os: [linux]
    libc: [musl]

  '@rspack/binding-linux-x64-gnu@1.2.8':
    resolution: {integrity: sha512-BdPaepoLKuaVwip4QK/nGqNi1xpbCWSxiycPbKRrGqKgt/QGihxxFgiqr4EpWQVIJNIMy4nCsg4arO0+H1KWGQ==}
    cpu: [x64]
    os: [linux]
    libc: [glibc]

  '@rspack/binding-linux-x64-musl@1.2.8':
    resolution: {integrity: sha512-GFv0Bod268OcXIcjeLoPlK0oz8rClEIxIRFkz+ejhbvfCwRJ+Fd+EKaaKQTBfZQujPqc0h2GctIF25nN5pFTmA==}
    cpu: [x64]
    os: [linux]
    libc: [musl]

  '@rspack/binding-win32-arm64-msvc@1.2.8':
    resolution: {integrity: sha512-aEU+uJdbvJJGrzzAsjbjrPeNbG/bcG8JoXK2kSsUB+/sWHTIkHX0AQ3oX3aV/lcLKgZWrUxLAfLoCXEnIHMEyQ==}
    cpu: [arm64]
    os: [win32]

  '@rspack/binding-win32-ia32-msvc@1.2.8':
    resolution: {integrity: sha512-GHYzNOSoiLyG9elLTmMqADJMQzjll+co4irp5AgZ+KHG9EVq0qEHxDqDIJxZnUA15U8JDvCgo6YAo3T0BFEL0Q==}
    cpu: [ia32]
    os: [win32]

  '@rspack/binding-win32-x64-msvc@1.2.8':
    resolution: {integrity: sha512-EigKLhKLH1kfv1e/ZgXuSKlIjkbyneJtiLbNDz7EeEVFGV1XMM6bsCea1sb2WOxsPYiOX4Q5JmR1j1KGrZS/LA==}
    cpu: [x64]
    os: [win32]

  '@rspack/binding@1.2.8':
    resolution: {integrity: sha512-T3FMB3N9P1AbSAryfkSRJkPtmeSYs/Gj9zUZoPz1ckPEIcWZmpUOQbJylldjbw5waxtCL1haHNbi0pcSvxiaJw==}

  '@rspack/core@1.2.8':
    resolution: {integrity: sha512-ppj3uQQtkhgrYDLrUqb33YbpNEZCpAudpfVuOHGsvUrAnu1PijbfJJymoA5ZvUhM+HNMvPI5D1ie97TXyb0UVg==}
    engines: {node: '>=16.0.0'}
    peerDependencies:
      '@rspack/tracing': ^1.x
      '@swc/helpers': '>=0.5.1'
    peerDependenciesMeta:
      '@rspack/tracing':
        optional: true
      '@swc/helpers':
        optional: true

  '@rspack/lite-tapable@1.0.1':
    resolution: {integrity: sha512-VynGOEsVw2s8TAlLf/uESfrgfrq2+rcXB1muPJYBWbsm1Oa6r5qVQhjA5ggM6z/coYPrsVMgovl3Ff7Q7OCp1w==}
    engines: {node: '>=16.0.0'}

  '@rspack/plugin-react-refresh@1.0.1':
    resolution: {integrity: sha512-KSBc3bsr3mrAPViv7w9MpE9KEWm6q87EyRXyHlRfJ9PpQ56NbX9KZ7AXo7jPeECb0q5sfpM2PSEf+syBiMgLSw==}
    peerDependencies:
      react-refresh: '>=0.10.0 <1.0.0'
    peerDependenciesMeta:
      react-refresh:
        optional: true

  '@swc/helpers@0.5.15':
    resolution: {integrity: sha512-JQ5TuMi45Owi4/BIMAJBoSQoOJu12oOk/gADqlcUL9JEdHB8vyjUSsxqeNXnmXHjYKMi2WcYtezGEEhqUI/E2g==}

  '@types/react@19.0.12':
    resolution: {integrity: sha512-V6Ar115dBDrjbtXSrS+/Oruobc+qVbbUxDFC1RSbRqLt5SYvxxyIDrSC85RWml54g+jfNeEMZhEj7wW07ONQhA==}

  caniuse-lite@1.0.30001707:
    resolution: {integrity: sha512-3qtRjw/HQSMlDWf+X79N206fepf4SOOU6SQLMaq/0KkZLmSjPxAkBOQQ+FxbHKfHmYLZFfdWsO3KA90ceHPSnw==}

  core-js@3.41.0:
    resolution: {integrity: sha512-SJ4/EHwS36QMJd6h/Rg+GyR4A5xE0FSI3eZ+iBVpfqf1x0eTSg1smWLHrA+2jQThZSh97fmSgFSU8B61nxosxA==}

  csstype@3.1.3:
    resolution: {integrity: sha512-M1uQkMl8rQK/szD0LNhtqxIPLpimGm8sOBwU7lLnCpSbTyY3yeU1Vc7l4KT5zT4s/yOxHH5O7tIuuLOCnLADRw==}

  error-stack-parser@2.1.4:
    resolution: {integrity: sha512-Sk5V6wVazPhq5MhpO+AUxJn5x7XSXGl1R93Vn7i+zS15KDVxQijejNCrz8340/2bgLBjR9GtEG8ZVKONDjcqGQ==}

  fdir@6.4.3:
    resolution: {integrity: sha512-PMXmW2y1hDDfTSRc9gaXIuCCRpuoz3Kaz8cUelp3smouvfT632ozg2vrT6lJsHKKOF59YLbOGfAWGUcKEfRMQw==}
    peerDependencies:
      picomatch: ^3 || ^4
    peerDependenciesMeta:
      picomatch:
        optional: true

  html-entities@2.5.3:
    resolution: {integrity: sha512-D3AfvN7SjhTgBSA8L1BN4FpPzuEd06uy4lHwSoRWr0lndi9BKaNzPLKGOWZ2ocSGguozr08TTb2jhCLHaemruw==}

  isomorphic-rslog@0.0.6:
    resolution: {integrity: sha512-HM0q6XqQ93psDlqvuViNs/Ea3hAyGDkIdVAHlrEocjjAwGrs1fZ+EdQjS9eUPacnYB7Y8SoDdSY3H8p3ce205A==}
    engines: {node: '>=14.17.6'}

  jiti@2.4.2:
    resolution: {integrity: sha512-rg9zJN+G4n2nfJl5MW3BMygZX56zKPNVEYYqq7adpmMh4Jn2QNEwhvQlFy6jPVdcod7txZtKHWnyZiA3a0zP7A==}
    hasBin: true

  json5@2.2.3:
    resolution: {integrity: sha512-XmOWe7eyHYH14cLdVPoyg+GOH3rYX++KpzrylJwSW98t3Nk+U8XOl8FWKOgwtzdb8lXGf6zYwDUzeHMWfxasyg==}
    engines: {node: '>=6'}
    hasBin: true

  magic-string@0.30.17:
    resolution: {integrity: sha512-sNPKHvyjVf7gyjwS4xGTaW/mCnF8wnjtifKBEhxfZ7E/S8tQ0rssrwGNn6q8JH/ohItJfSQp9mBtQYuTlH5QnA==}

  minimist@1.2.8:
    resolution: {integrity: sha512-2yyAR8qBkN3YuheJanUpWC5U3bb5osDywNB8RzDVlDwDHbocAJveqqj1u8+SVD7jkWT4yvsHCpWqqWqAxb0zCA==}

  picocolors@1.1.1:
    resolution: {integrity: sha512-xceH2snhtb5M9liqDsmEw56le376mTZkEX/jEb/RxNFyegNul7eNslCXP9FDj/Lcu0X8KEyMceP2ntpaHrDEVA==}

  picomatch@4.0.2:
    resolution: {integrity: sha512-M7BAV6Rlcy5u+m6oPhAPFgJTzAioX/6B0DxyvDlo9l8+T3nLKbrczg2WLUyzd45L8RqfUMyGPzekbMvX2Ldkwg==}
    engines: {node: '>=12'}

  react-dom@19.0.0:
    resolution: {integrity: sha512-4GV5sHFG0e/0AD4X+ySy6UJd3jVl1iNsNHdpad0qhABJ11twS3TTBnseqsKurKcsNqCEFeGL3uLpVChpIO3QfQ==}
    peerDependencies:
      react: ^19.0.0

  react-refresh@0.16.0:
    resolution: {integrity: sha512-FPvF2XxTSikpJxcr+bHut2H4gJ17+18Uy20D5/F+SKzFap62R3cM5wH6b8WN3LyGSYeQilLEcJcR1fjBSI2S1A==}
    engines: {node: '>=0.10.0'}

  react@19.0.0:
    resolution: {integrity: sha512-V8AVnmPIICiWpGfm6GLzCR/W5FXLchHop40W4nXBmdlEceh16rCN8O8LNWm5bh5XUX91fh7KpA+W0TgMKmgTpQ==}
    engines: {node: '>=0.10.0'}

  rsbuild-plugin-dts@0.5.5:
    resolution: {integrity: sha512-e3sH3Rmzjb5vlifyvBYmtk/IzCK6x9K3HoxbkZUgH194MYrWNDe9IU8tBVj4DpZmYjAZf8/Znk5ntsYXDBCnZw==}
    engines: {node: '>=16.7.0'}
    peerDependencies:
      '@microsoft/api-extractor': ^7
      '@rsbuild/core': 1.x
      typescript: ^5
    peerDependenciesMeta:
      '@microsoft/api-extractor':
        optional: true
      typescript:
        optional: true

  scheduler@0.25.0:
    resolution: {integrity: sha512-xFVuu11jh+xcO7JOAGJNOXld8/TcEHK/4CituBUeUb5hqxJLj9YuemAEuvm9gQ/+pgXYfbQuqAkiYu+u7YEsNA==}

  stackframe@1.3.4:
    resolution: {integrity: sha512-oeVtt7eWQS+Na6F//S4kJ2K2VbRlS9D43mAlMyVpVWovy9o+jfgH8O9agzANzaiLjclA0oYzUXEM4PurhSUChw==}

  strip-bom@3.0.0:
    resolution: {integrity: sha512-vavAMRXOgBVNF6nyEEmL3DBK19iRpDcoIwW+swQ+CbGiu7lju6t+JklA1MHweoWtadgt4ISVUsXLyDq34ddcwA==}
    engines: {node: '>=4'}

  tinyglobby@0.2.12:
    resolution: {integrity: sha512-qkf4trmKSIiMTs/E63cxH+ojC2unam7rJ0WrauAzpT3ECNTxGRMlaXxVbfxMUC/w0LaYk6jQ4y/nGR9uBO3tww==}
    engines: {node: '>=12.0.0'}

  tsconfig-paths@4.2.0:
    resolution: {integrity: sha512-NoZ4roiN7LnbKn9QqE1amc9DJfzvZXxF4xDavcOWt1BPkdx+m+0gJuPM+S0vCe7zTJMYUP0R8pO2XMr+Y8oLIg==}
    engines: {node: '>=6'}

  tslib@2.8.1:
    resolution: {integrity: sha512-oJFu94HQb+KVduSUQL7wnpmqnfmLsOA/nAh6b6EH0wCEoK0/mPeXU6c3wKDV83MkOuHPRHtSXKKU99IBazS/2w==}

  typescript@5.8.2:
    resolution: {integrity: sha512-aJn6wq13/afZp/jT9QZmwEjDqqvSGp1VT5GVg+f/t6/oVyrgXM6BY1h9BRh/O5p3PlUPAe+WuiEZOmb/49RqoQ==}
    engines: {node: '>=14.17'}
    hasBin: true

snapshots:

  '@ast-grep/napi-darwin-arm64@0.36.2':
    optional: true

  '@ast-grep/napi-darwin-x64@0.36.2':
    optional: true

  '@ast-grep/napi-linux-arm64-gnu@0.36.2':
    optional: true

  '@ast-grep/napi-linux-arm64-musl@0.36.2':
    optional: true

  '@ast-grep/napi-linux-x64-gnu@0.36.2':
    optional: true

  '@ast-grep/napi-linux-x64-musl@0.36.2':
    optional: true

  '@ast-grep/napi-win32-arm64-msvc@0.36.2':
    optional: true

  '@ast-grep/napi-win32-ia32-msvc@0.36.2':
    optional: true

  '@ast-grep/napi-win32-x64-msvc@0.36.2':
    optional: true

  '@ast-grep/napi@0.36.2':
    optionalDependencies:
      '@ast-grep/napi-darwin-arm64': 0.36.2
      '@ast-grep/napi-darwin-x64': 0.36.2
      '@ast-grep/napi-linux-arm64-gnu': 0.36.2
      '@ast-grep/napi-linux-arm64-musl': 0.36.2
      '@ast-grep/napi-linux-x64-gnu': 0.36.2
      '@ast-grep/napi-linux-x64-musl': 0.36.2
      '@ast-grep/napi-win32-arm64-msvc': 0.36.2
      '@ast-grep/napi-win32-ia32-msvc': 0.36.2
      '@ast-grep/napi-win32-x64-msvc': 0.36.2

  '@jridgewell/sourcemap-codec@1.5.0': {}

  '@module-federation/error-codes@0.8.4': {}

  '@module-federation/runtime-tools@0.8.4':
    dependencies:
      '@module-federation/runtime': 0.8.4
      '@module-federation/webpack-bundler-runtime': 0.8.4

  '@module-federation/runtime@0.8.4':
    dependencies:
      '@module-federation/error-codes': 0.8.4
      '@module-federation/sdk': 0.8.4

  '@module-federation/sdk@0.8.4':
    dependencies:
      isomorphic-rslog: 0.0.6

  '@module-federation/webpack-bundler-runtime@0.8.4':
    dependencies:
      '@module-federation/runtime': 0.8.4
      '@module-federation/sdk': 0.8.4

  '@rsbuild/core@1.2.19':
    dependencies:
      '@rspack/core': 1.2.8(@swc/helpers@0.5.15)
      '@rspack/lite-tapable': 1.0.1
      '@swc/helpers': 0.5.15
      core-js: 3.41.0
      jiti: 2.4.2
    transitivePeerDependencies:
      - '@rspack/tracing'

  '@rsbuild/plugin-react@1.1.1(@rsbuild/core@1.2.19)':
    dependencies:
      '@rsbuild/core': 1.2.19
      '@rspack/plugin-react-refresh': 1.0.1(react-refresh@0.16.0)
      react-refresh: 0.16.0

  '@rslib/core@0.5.5(typescript@5.8.2)':
    dependencies:
      '@rsbuild/core': 1.2.19
      rsbuild-plugin-dts: 0.5.5(@rsbuild/core@1.2.19)(typescript@5.8.2)
      tinyglobby: 0.2.12
    optionalDependencies:
      typescript: 5.8.2
    transitivePeerDependencies:
      - '@rspack/tracing'

  '@rspack/binding-darwin-arm64@1.2.8':
    optional: true

  '@rspack/binding-darwin-x64@1.2.8':
    optional: true

  '@rspack/binding-linux-arm64-gnu@1.2.8':
    optional: true

  '@rspack/binding-linux-arm64-musl@1.2.8':
    optional: true

  '@rspack/binding-linux-x64-gnu@1.2.8':
    optional: true

  '@rspack/binding-linux-x64-musl@1.2.8':
    optional: true

  '@rspack/binding-win32-arm64-msvc@1.2.8':
    optional: true

  '@rspack/binding-win32-ia32-msvc@1.2.8':
    optional: true

  '@rspack/binding-win32-x64-msvc@1.2.8':
    optional: true

  '@rspack/binding@1.2.8':
    optionalDependencies:
      '@rspack/binding-darwin-arm64': 1.2.8
      '@rspack/binding-darwin-x64': 1.2.8
      '@rspack/binding-linux-arm64-gnu': 1.2.8
      '@rspack/binding-linux-arm64-musl': 1.2.8
      '@rspack/binding-linux-x64-gnu': 1.2.8
      '@rspack/binding-linux-x64-musl': 1.2.8
      '@rspack/binding-win32-arm64-msvc': 1.2.8
      '@rspack/binding-win32-ia32-msvc': 1.2.8
      '@rspack/binding-win32-x64-msvc': 1.2.8

  '@rspack/core@1.2.8(@swc/helpers@0.5.15)':
    dependencies:
      '@module-federation/runtime-tools': 0.8.4
      '@rspack/binding': 1.2.8
      '@rspack/lite-tapable': 1.0.1
      caniuse-lite: 1.0.30001707
    optionalDependencies:
      '@swc/helpers': 0.5.15

  '@rspack/lite-tapable@1.0.1': {}

  '@rspack/plugin-react-refresh@1.0.1(react-refresh@0.16.0)':
    dependencies:
      error-stack-parser: 2.1.4
      html-entities: 2.5.3
    optionalDependencies:
      react-refresh: 0.16.0

  '@swc/helpers@0.5.15':
    dependencies:
      tslib: 2.8.1

  '@types/react@19.0.12':
    dependencies:
      csstype: 3.1.3

  caniuse-lite@1.0.30001707: {}

  core-js@3.41.0: {}

  csstype@3.1.3: {}

  error-stack-parser@2.1.4:
    dependencies:
      stackframe: 1.3.4

  fdir@6.4.3(picomatch@4.0.2):
    optionalDependencies:
      picomatch: 4.0.2

  html-entities@2.5.3: {}

  isomorphic-rslog@0.0.6: {}

  jiti@2.4.2: {}

  json5@2.2.3: {}

  magic-string@0.30.17:
    dependencies:
      '@jridgewell/sourcemap-codec': 1.5.0

  minimist@1.2.8: {}

  picocolors@1.1.1: {}

  picomatch@4.0.2: {}

  react-dom@19.0.0(react@19.0.0):
    dependencies:
      react: 19.0.0
      scheduler: 0.25.0

  react-refresh@0.16.0: {}

  react@19.0.0: {}

  rsbuild-plugin-dts@0.5.5(@rsbuild/core@1.2.19)(typescript@5.8.2):
    dependencies:
      '@ast-grep/napi': 0.36.2
      '@rsbuild/core': 1.2.19
      magic-string: 0.30.17
      picocolors: 1.1.1
      tinyglobby: 0.2.12
      tsconfig-paths: 4.2.0
    optionalDependencies:
      typescript: 5.8.2

  scheduler@0.25.0: {}

  stackframe@1.3.4: {}

  strip-bom@3.0.0: {}

  tinyglobby@0.2.12:
    dependencies:
      fdir: 6.4.3(picomatch@4.0.2)
      picomatch: 4.0.2

  tsconfig-paths@4.2.0:
    dependencies:
      json5: 2.2.3
      minimist: 1.2.8
      strip-bom: 3.0.0

  tslib@2.8.1: {}

  typescript@5.8.2: {}
